// !$*UTF8*$!
{
	archiveVersion = 1;
	classes = {
	};
	objectVersion = 50;
	objects = {

/* Begin PBXBuildFile section */
		F574AB7826AD297B006E18C0 /* DemoAppXcodeGenApp.swift in Sources */ = {isa = PBXBuildFile; fileRef = F574AB7726AD297B006E18C0 /* DemoAppXcodeGenApp.swift */; };
		F574AB7A26AD297B006E18C0 /* ContentView.swift in Sources */ = {isa = PBXBuildFile; fileRef = F574AB7926AD297B006E18C0 /* ContentView.swift */; };
		F574AB7C26AD297C006E18C0 /* Assets.xcassets in Resources */ = {isa = PBXBuildFile; fileRef = F574AB7B26AD297C006E18C0 /* Assets.xcassets */; };
		F574AB7F26AD297C006E18C0 /* Preview Assets.xcassets in Resources */ = {isa = PBXBuildFile; fileRef = F574AB7E26AD297C006E18C0 /* Preview Assets.xcassets */; };
		F574AB8A26AD297C006E18C0 /* DemoAppXcodeGenTests.swift in Sources */ = {isa = PBXBuildFile; fileRef = F574AB8926AD297C006E18C0 /* DemoAppXcodeGenTests.swift */; };
		F574AB9526AD297C006E18C0 /* DemoAppXcodeGenUITests.swift in Sources */ = {isa = PBXBuildFile; fileRef = F574AB9426AD297C006E18C0 /* DemoAppXcodeGenUITests.swift */; };
/* End PBXBuildFile section */

/* Begin PBXContainerItemProxy section */
		F574AB8626AD297C006E18C0 /* PBXContainerItemProxy */ = {
			isa = PBXContainerItemProxy;
			containerPortal = F574AB6C26AD297B006E18C0 /* Project object */;
			proxyType = 1;
			remoteGlobalIDString = F574AB7326AD297B006E18C0;
			remoteInfo = DemoAppXcodeGen;
		};
		F574AB9126AD297C006E18C0 /* PBXContainerItemProxy */ = {
			isa = PBXContainerItemProxy;
			containerPortal = F574AB6C26AD297B006E18C0 /* Project object */;
			proxyType = 1;
			remoteGlobalIDString = F574AB7326AD297B006E18C0;
			remoteInfo = DemoAppXcodeGen;
		};
/* End PBXContainerItemProxy section */

/* Begin PBXFileReference section */
		F574AB7426AD297B006E18C0 /* DemoAppXcodeGen.app */ = {isa = PBXFileReference; explicitFileType = wrapper.application; includeInIndex = 0; path = DemoAppXcodeGen.app; sourceTree = BUILT_PRODUCTS_DIR; };
		F574AB7726AD297B006E18C0 /* DemoAppXcodeGenApp.swift */ = {isa = PBXFileReference; lastKnownFileType = sourcecode.swift; path = DemoAppXcodeGenApp.swift; sourceTree = "<group>"; };
		F574AB7926AD297B006E18C0 /* ContentView.swift */ = {isa = PBXFileReference; lastKnownFileType = sourcecode.swift; path = ContentView.swift; sourceTree = "<group>"; };
		F574AB7B26AD297C006E18C0 /* Assets.xcassets */ = {isa = PBXFileReference; lastKnownFileType = folder.assetcatalog; path = Assets.xcassets; sourceTree = "<group>"; };
		F574AB7E26AD297C006E18C0 /* Preview Assets.xcassets */ = {isa = PBXFileReference; lastKnownFileType = folder.assetcatalog; path = "Preview Assets.xcassets"; sourceTree = "<group>"; };
		F574AB8026AD297C006E18C0 /* Info.plist */ = {isa = PBXFileReference; lastKnownFileType = text.plist.xml; path = Info.plist; sourceTree = "<group>"; };
		F574AB8526AD297C006E18C0 /* DemoAppXcodeGenTests.xctest */ = {isa = PBXFileReference; explicitFileType = wrapper.cfbundle; includeInIndex = 0; path = DemoAppXcodeGenTests.xctest; sourceTree = BUILT_PRODUCTS_DIR; };
		F574AB8926AD297C006E18C0 /* DemoAppXcodeGenTests.swift */ = {isa = PBXFileReference; lastKnownFileType = sourcecode.swift; path = DemoAppXcodeGenTests.swift; sourceTree = "<group>"; };
		F574AB8B26AD297C006E18C0 /* Info.plist */ = {isa = PBXFileReference; lastKnownFileType = text.plist.xml; path = Info.plist; sourceTree = "<group>"; };
		F574AB9026AD297C006E18C0 /* DemoAppXcodeGenUITests.xctest */ = {isa = PBXFileReference; explicitFileType = wrapper.cfbundle; includeInIndex = 0; path = DemoAppXcodeGenUITests.xctest; sourceTree = BUILT_PRODUCTS_DIR; };
		F574AB9426AD297C006E18C0 /* DemoAppXcodeGenUITests.swift */ = {isa = PBXFileReference; lastKnownFileType = sourcecode.swift; path = DemoAppXcodeGenUITests.swift; sourceTree = "<group>"; };
		F574AB9626AD297C006E18C0 /* Info.plist */ = {isa = PBXFileReference; lastKnownFileType = text.plist.xml; path = Info.plist; sourceTree = "<group>"; };
/* End PBXFileReference section */

/* Begin PBXFrameworksBuildPhase section */
		F574AB7126AD297B006E18C0 /* Frameworks */ = {
			isa = PBXFrameworksBuildPhase;
			buildActionMask = 2147483647;
			files = (
			);
			runOnlyForDeploymentPostprocessing = 0;
		};
		F574AB8226AD297C006E18C0 /* Frameworks */ = {
			isa = PBXFrameworksBuildPhase;
			buildActionMask = 2147483647;
			files = (
			);
			runOnlyForDeploymentPostprocessing = 0;
		};
		F574AB8D26AD297C006E18C0 /* Frameworks */ = {
			isa = PBXFrameworksBuildPhase;
			buildActionMask = 2147483647;
			files = (
			);
			runOnlyForDeploymentPostprocessing = 0;
		};
/* End PBXFrameworksBuildPhase section */

/* Begin PBXGroup section */
		F574AB6B26AD297B006E18C0 = {
			isa = PBXGroup;
			children = (
				F574AB7626AD297B006E18C0 /* DemoAppXcodeGen */,
				F574AB8826AD297C006E18C0 /* DemoAppXcodeGenTests */,
				F574AB9326AD297C006E18C0 /* DemoAppXcodeGenUITests */,
				F574AB7526AD297B006E18C0 /* Products */,
			);
			sourceTree = "<group>";
		};
		F574AB7526AD297B006E18C0 /* Products */ = {
			isa = PBXGroup;
			children = (
				F574AB7426AD297B006E18C0 /* DemoAppXcodeGen.app */,
				F574AB8526AD297C006E18C0 /* DemoAppXcodeGenTests.xctest */,
				F574AB9026AD297C006E18C0 /* DemoAppXcodeGenUITests.xctest */,
			);
			name = Products;
			sourceTree = "<group>";
		};
		F574AB7626AD297B006E18C0 /* DemoAppXcodeGen */ = {
			isa = PBXGroup;
			children = (
				F574AB7726AD297B006E18C0 /* DemoAppXcodeGenApp.swift */,
				F574AB7926AD297B006E18C0 /* ContentView.swift */,
				F574AB7B26AD297C006E18C0 /* Assets.xcassets */,
				F574AB8026AD297C006E18C0 /* Info.plist */,
				F574AB7D26AD297C006E18C0 /* Preview Content */,
			);
			path = DemoAppXcodeGen;
			sourceTree = "<group>";
		};
		F574AB7D26AD297C006E18C0 /* Preview Content */ = {
			isa = PBXGroup;
			children = (
				F574AB7E26AD297C006E18C0 /* Preview Assets.xcassets */,
			);
			path = "Preview Content";
			sourceTree = "<group>";
		};
		F574AB8826AD297C006E18C0 /* DemoAppXcodeGenTests */ = {
			isa = PBXGroup;
			children = (
				F574AB8926AD297C006E18C0 /* DemoAppXcodeGenTests.swift */,
				F574AB8B26AD297C006E18C0 /* Info.plist */,
			);
			path = DemoAppXcodeGenTests;
			sourceTree = "<group>";
		};
		F574AB9326AD297C006E18C0 /* DemoAppXcodeGenUITests */ = {
			isa = PBXGroup;
			children = (
				F574AB9426AD297C006E18C0 /* DemoAppXcodeGenUITests.swift */,
				F574AB9626AD297C006E18C0 /* Info.plist */,
			);
			path = DemoAppXcodeGenUITests;
			sourceTree = "<group>";
		};
/* End PBXGroup section */

/* Begin PBXNativeTarget section */
		F574AB7326AD297B006E18C0 /* DemoAppXcodeGen */ = {
			isa = PBXNativeTarget;
			buildConfigurationList = F574AB9926AD297C006E18C0 /* Build configuration list for PBXNativeTarget "DemoAppXcodeGen" */;
			buildPhases = (
				F574AB7026AD297B006E18C0 /* Sources */,
				F574AB7126AD297B006E18C0 /* Frameworks */,
				F574AB7226AD297B006E18C0 /* Resources */,
			);
			buildRules = (
			);
			dependencies = (
			);
			name = DemoAppXcodeGen;
			productName = DemoAppXcodeGen;
			productReference = F574AB7426AD297B006E18C0 /* DemoAppXcodeGen.app */;
			productType = "com.apple.product-type.application";
		};
		F574AB8426AD297C006E18C0 /* DemoAppXcodeGenTests */ = {
			isa = PBXNativeTarget;
			buildConfigurationList = F574AB9C26AD297C006E18C0 /* Build configuration list for PBXNativeTarget "DemoAppXcodeGenTests" */;
			buildPhases = (
				F574AB8126AD297C006E18C0 /* Sources */,
				F574AB8226AD297C006E18C0 /* Frameworks */,
				F574AB8326AD297C006E18C0 /* Resources */,
			);
			buildRules = (
			);
			dependencies = (
				F574AB8726AD297C006E18C0 /* PBXTargetDependency */,
			);
			name = DemoAppXcodeGenTests;
			productName = DemoAppXcodeGenTests;
			productReference = F574AB8526AD297C006E18C0 /* DemoAppXcodeGenTests.xctest */;
			productType = "com.apple.product-type.bundle.unit-test";
		};
		F574AB8F26AD297C006E18C0 /* DemoAppXcodeGenUITests */ = {
			isa = PBXNativeTarget;
			buildConfigurationList = F574AB9F26AD297C006E18C0 /* Build configuration list for PBXNativeTarget "DemoAppXcodeGenUITests" */;
			buildPhases = (
				F574AB8C26AD297C006E18C0 /* Sources */,
				F574AB8D26AD297C006E18C0 /* Frameworks */,
				F574AB8E26AD297C006E18C0 /* Resources */,
			);
			buildRules = (
			);
			dependencies = (
				F574AB9226AD297C006E18C0 /* PBXTargetDependency */,
			);
			name = DemoAppXcodeGenUITests;
			productName = DemoAppXcodeGenUITests;
			productReference = F574AB9026AD297C006E18C0 /* DemoAppXcodeGenUITests.xctest */;
			productType = "com.apple.product-type.bundle.ui-testing";
		};
/* End PBXNativeTarget section */

/* Begin PBXProject section */
		F574AB6C26AD297B006E18C0 /* Project object */ = {
			isa = PBXProject;
			attributes = {
				LastSwiftUpdateCheck = 1250;
				LastUpgradeCheck = 1250;
				TargetAttributes = {
					F574AB7326AD297B006E18C0 = {
						CreatedOnToolsVersion = 12.5.1;
					};
					F574AB8426AD297C006E18C0 = {
						CreatedOnToolsVersion = 12.5.1;
						TestTargetID = F574AB7326AD297B006E18C0;
					};
					F574AB8F26AD297C006E18C0 = {
						CreatedOnToolsVersion = 12.5.1;
						TestTargetID = F574AB7326AD297B006E18C0;
					};
				};
			};
			buildConfigurationList = F574AB6F26AD297B006E18C0 /* Build configuration list for PBXProject "DemoAppXcodeGen" */;
			compatibilityVersion = "Xcode 9.3";
			developmentRegion = en;
			hasScannedForEncodings = 0;
			knownRegions = (
				en,
				Base,
			);
			mainGroup = F574AB6B26AD297B006E18C0;
			productRefGroup = F574AB7526AD297B006E18C0 /* Products */;
			projectDirPath = "";
			projectRoot = "";
			targets = (
				F574AB7326AD297B006E18C0 /* DemoAppXcodeGen */,
				F574AB8426AD297C006E18C0 /* DemoAppXcodeGenTests */,
				F574AB8F26AD297C006E18C0 /* DemoAppXcodeGenUITests */,
			);
		};
/* End PBXProject section */

/* Begin PBXResourcesBuildPhase section */
		F574AB7226AD297B006E18C0 /* Resources */ = {
			isa = PBXResourcesBuildPhase;
			buildActionMask = 2147483647;
			files = (
				F574AB7F26AD297C006E18C0 /* Preview Assets.xcassets in Resources */,
				F574AB7C26AD297C006E18C0 /* Assets.xcassets in Resources */,
			);
			runOnlyForDeploymentPostprocessing = 0;
		};
		F574AB8326AD297C006E18C0 /* Resources */ = {
			isa = PBXResourcesBuildPhase;
			buildActionMask = 2147483647;
			files = (
			);
			runOnlyForDeploymentPostprocessing = 0;
		};
		F574AB8E26AD297C006E18C0 /* Resources */ = {
			isa = PBXResourcesBuildPhase;
			buildActionMask = 2147483647;
			files = (
			);
			runOnlyForDeploymentPostprocessing = 0;
		};
/* End PBXResourcesBuildPhase section */

/* Begin PBXSourcesBuildPhase section */
		F574AB7026AD297B006E18C0 /* Sources */ = {
			isa = PBXSourcesBuildPhase;
			buildActionMask = 2147483647;
			files = (
				F574AB7A26AD297B006E18C0 /* ContentView.swift in Sources */,
				F574AB7826AD297B006E18C0 /* DemoAppXcodeGenApp.swift in Sources */,
			);
			runOnlyForDeploymentPostprocessing = 0;
		};
		F574AB8126AD297C006E18C0 /* Sources */ = {
			isa = PBXSourcesBuildPhase;
			buildActionMask = 2147483647;
			files = (
				F574AB8A26AD297C006E18C0 /* DemoAppXcodeGenTests.swift in Sources */,
			);
			runOnlyForDeploymentPostprocessing = 0;
		};
		F574AB8C26AD297C006E18C0 /* Sources */ = {
			isa = PBXSourcesBuildPhase;
			buildActionMask = 2147483647;
			files = (
				F574AB9526AD297C006E18C0 /* DemoAppXcodeGenUITests.swift in Sources */,
			);
			runOnlyForDeploymentPostprocessing = 0;
		};
/* End PBXSourcesBuildPhase section */

/* Begin PBXTargetDependency section */
		F574AB8726AD297C006E18C0 /* PBXTargetDependency */ = {
			isa = PBXTargetDependency;
			target = F574AB7326AD297B006E18C0 /* DemoAppXcodeGen */;
			targetProxy = F574AB8626AD297C006E18C0 /* PBXContainerItemProxy */;
		};
		F574AB9226AD297C006E18C0 /* PBXTargetDependency */ = {
			isa = PBXTargetDependency;
			target = F574AB7326AD297B006E18C0 /* DemoAppXcodeGen */;
			targetProxy = F574AB9126AD297C006E18C0 /* PBXContainerItemProxy */;
		};
/* End PBXTargetDependency section */

/* Begin XCBuildConfiguration section */
		F574AB9726AD297C006E18C0 /* Debug */ = {
			isa = XCBuildConfiguration;
			buildSettings = {
				ALWAYS_SEARCH_USER_PATHS = NO;
				CLANG_ANALYZER_NONNULL = YES;
				CLANG_ANALYZER_NUMBER_OBJECT_CONVERSION = YES_AGGRESSIVE;
				CLANG_CXX_LANGUAGE_STANDARD = "gnu++14";
				CLANG_CXX_LIBRARY = "libc++";
				CLANG_ENABLE_MODULES = YES;
				CLANG_ENABLE_OBJC_ARC = YES;
				CLANG_ENABLE_OBJC_WEAK = YES;
				CLANG_WARN_BLOCK_CAPTURE_AUTORELEASING = YES;
				CLANG_WARN_BOOL_CONVERSION = YES;
				CLANG_WARN_COMMA = YES;
				CLANG_WARN_CONSTANT_CONVERSION = YES;
				CLANG_WARN_DEPRECATED_OBJC_IMPLEMENTATIONS = YES;
				CLANG_WARN_DIRECT_OBJC_ISA_USAGE = YES_ERROR;
				CLANG_WARN_DOCUMENTATION_COMMENTS = YES;
				CLANG_WARN_EMPTY_BODY = YES;
				CLANG_WARN_ENUM_CONVERSION = YES;
				CLANG_WARN_INFINITE_RECURSION = YES;
				CLANG_WARN_INT_CONVERSION = YES;
				CLANG_WARN_NON_LITERAL_NULL_CONVERSION = YES;
				CLANG_WARN_OBJC_IMPLICIT_RETAIN_SELF = YES;
				CLANG_WARN_OBJC_LITERAL_CONVERSION = YES;
				CLANG_WARN_OBJC_ROOT_CLASS = YES_ERROR;
				CLANG_WARN_QUOTED_INCLUDE_IN_FRAMEWORK_HEADER = YES;
				CLANG_WARN_RANGE_LOOP_ANALYSIS = YES;
				CLANG_WARN_STRICT_PROTOTYPES = YES;
				CLANG_WARN_SUSPICIOUS_MOVE = YES;
				CLANG_WARN_UNGUARDED_AVAILABILITY = YES_AGGRESSIVE;
				CLANG_WARN_UNREACHABLE_CODE = YES;
				CLANG_WARN__DUPLICATE_METHOD_MATCH = YES;
				COPY_PHASE_STRIP = NO;
				DEBUG_INFORMATION_FORMAT = dwarf;
				ENABLE_STRICT_OBJC_MSGSEND = YES;
				ENABLE_TESTABILITY = YES;
				GCC_C_LANGUAGE_STANDARD = gnu11;
				GCC_DYNAMIC_NO_PIC = NO;
				GCC_NO_COMMON_BLOCKS = YES;
				GCC_OPTIMIZATION_LEVEL = 0;
				GCC_PREPROCESSOR_DEFINITIONS = (
					"DEBUG=1",
					"$(inherited)",
				);
				GCC_WARN_64_TO_32_BIT_CONVERSION = YES;
				GCC_WARN_ABOUT_RETURN_TYPE = YES_ERROR;
				GCC_WARN_UNDECLARED_SELECTOR = YES;
				GCC_WARN_UNINITIALIZED_AUTOS = YES_AGGRESSIVE;
				GCC_WARN_UNUSED_FUNCTION = YES;
				GCC_WARN_UNUSED_VARIABLE = YES;
				IPHONEOS_DEPLOYMENT_TARGET = 14.5;
				MTL_ENABLE_DEBUG_INFO = INCLUDE_SOURCE;
				MTL_FAST_MATH = YES;
				ONLY_ACTIVE_ARCH = YES;
				SDKROOT = iphoneos;
				SWIFT_ACTIVE_COMPILATION_CONDITIONS = DEBUG;
				SWIFT_OPTIMIZATION_LEVEL = "-Onone";
			};
			name = Debug;
		};
		F574AB9826AD297C006E18C0 /* Release */ = {
			isa = XCBuildConfiguration;
			buildSettings = {
				ALWAYS_SEARCH_USER_PATHS = NO;
				CLANG_ANALYZER_NONNULL = YES;
				CLANG_ANALYZER_NUMBER_OBJECT_CONVERSION = YES_AGGRESSIVE;
				CLANG_CXX_LANGUAGE_STANDARD = "gnu++14";
				CLANG_CXX_LIBRARY = "libc++";
				CLANG_ENABLE_MODULES = YES;
				CLANG_ENABLE_OBJC_ARC = YES;
				CLANG_ENABLE_OBJC_WEAK = YES;
				CLANG_WARN_BLOCK_CAPTURE_AUTORELEASING = YES;
				CLANG_WARN_BOOL_CONVERSION = YES;
				CLANG_WARN_COMMA = YES;
				CLANG_WARN_CONSTANT_CONVERSION = YES;
				CLANG_WARN_DEPRECATED_OBJC_IMPLEMENTATIONS = YES;
				CLANG_WARN_DIRECT_OBJC_ISA_USAGE = YES_ERROR;
				CLANG_WARN_DOCUMENTATION_COMMENTS = YES;
				CLANG_WARN_EMPTY_BODY = YES;
				CLANG_WARN_ENUM_CONVERSION = YES;
				CLANG_WARN_INFINITE_RECURSION = YES;
				CLANG_WARN_INT_CONVERSION = YES;
				CLANG_WARN_NON_LITERAL_NULL_CONVERSION = YES;
				CLANG_WARN_OBJC_IMPLICIT_RETAIN_SELF = YES;
				CLANG_WARN_OBJC_LITERAL_CONVERSION = YES;
				CLANG_WARN_OBJC_ROOT_CLASS = YES_ERROR;
				CLANG_WARN_QUOTED_INCLUDE_IN_FRAMEWORK_HEADER = YES;
				CLANG_WARN_RANGE_LOOP_ANALYSIS = YES;
				CLANG_WARN_STRICT_PROTOTYPES = YES;
				CLANG_WARN_SUSPICIOUS_MOVE = YES;
				CLANG_WARN_UNGUARDED_AVAILABILITY = YES_AGGRESSIVE;
				CLANG_WARN_UNREACHABLE_CODE = YES;
				CLANG_WARN__DUPLICATE_METHOD_MATCH = YES;
				COPY_PHASE_STRIP = NO;
				DEBUG_INFORMATION_FORMAT = "dwarf-with-dsym";
				ENABLE_NS_ASSERTIONS = NO;
				ENABLE_STRICT_OBJC_MSGSEND = YES;
				GCC_C_LANGUAGE_STANDARD = gnu11;
				GCC_NO_COMMON_BLOCKS = YES;
				GCC_WARN_64_TO_32_BIT_CONVERSION = YES;
				GCC_WARN_ABOUT_RETURN_TYPE = YES_ERROR;
				GCC_WARN_UNDECLARED_SELECTOR = YES;
				GCC_WARN_UNINITIALIZED_AUTOS = YES_AGGRESSIVE;
				GCC_WARN_UNUSED_FUNCTION = YES;
				GCC_WARN_UNUSED_VARIABLE = YES;
				IPHONEOS_DEPLOYMENT_TARGET = 14.5;
				MTL_ENABLE_DEBUG_INFO = NO;
				MTL_FAST_MATH = YES;
				SDKROOT = iphoneos;
				SWIFT_COMPILATION_MODE = wholemodule;
				SWIFT_OPTIMIZATION_LEVEL = "-O";
				VALIDATE_PRODUCT = YES;
			};
			name = Release;
		};
		F574AB9A26AD297C006E18C0 /* Debug */ = {
			isa = XCBuildConfiguration;
			buildSettings = {
				ASSETCATALOG_COMPILER_APPICON_NAME = AppIcon;
				ASSETCATALOG_COMPILER_GLOBAL_ACCENT_COLOR_NAME = AccentColor;
				CODE_SIGN_STYLE = Automatic;
				DEVELOPMENT_ASSET_PATHS = "\"DemoAppXcodeGen/Preview Content\"";
				DEVELOPMENT_TEAM = EAZT2D654U;
				ENABLE_PREVIEWS = YES;
				INFOPLIST_FILE = DemoAppXcodeGen/Info.plist;
				IPHONEOS_DEPLOYMENT_TARGET = 14.0;
				LD_RUNPATH_SEARCH_PATHS = (
					"$(inherited)",
					"@executable_path/Frameworks",
				);
				PRODUCT_BUNDLE_IDENTIFIER = yyokii.DemoAppXcodeGen;
				PRODUCT_NAME = "$(TARGET_NAME)";
				SWIFT_VERSION = 5.0;
				TARGETED_DEVICE_FAMILY = "1,2";
			};
			name = Debug;
		};
		F574AB9B26AD297C006E18C0 /* Release */ = {
			isa = XCBuildConfiguration;
			buildSettings = {
				ASSETCATALOG_COMPILER_APPICON_NAME = AppIcon;
				ASSETCATALOG_COMPILER_GLOBAL_ACCENT_COLOR_NAME = AccentColor;
				CODE_SIGN_STYLE = Automatic;
				DEVELOPMENT_ASSET_PATHS = "\"DemoAppXcodeGen/Preview Content\"";
				DEVELOPMENT_TEAM = EAZT2D654U;
				ENABLE_PREVIEWS = YES;
				INFOPLIST_FILE = DemoAppXcodeGen/Info.plist;
				IPHONEOS_DEPLOYMENT_TARGET = 14.0;
				LD_RUNPATH_SEARCH_PATHS = (
					"$(inherited)",
					"@executable_path/Frameworks",
				);
				PRODUCT_BUNDLE_IDENTIFIER = yyokii.DemoAppXcodeGen;
				PRODUCT_NAME = "$(TARGET_NAME)";
				SWIFT_VERSION = 5.0;
				TARGETED_DEVICE_FAMILY = "1,2";
			};
			name = Release;
		};
		F574AB9D26AD297C006E18C0 /* Debug */ = {
			isa = XCBuildConfiguration;
			buildSettings = {
				ALWAYS_EMBED_SWIFT_STANDARD_LIBRARIES = YES;
				BUNDLE_LOADER = "$(TEST_HOST)";
				CODE_SIGN_STYLE = Automatic;
				DEVELOPMENT_TEAM = EAZT2D654U;
				INFOPLIST_FILE = DemoAppXcodeGenTests/Info.plist;
				IPHONEOS_DEPLOYMENT_TARGET = 14.0;
				LD_RUNPATH_SEARCH_PATHS = (
					"$(inherited)",
					"@executable_path/Frameworks",
					"@loader_path/Frameworks",
				);
				PRODUCT_BUNDLE_IDENTIFIER = yyokii.DemoAppXcodeGenTests;
				PRODUCT_NAME = "$(TARGET_NAME)";
				SWIFT_VERSION = 5.0;
				TARGETED_DEVICE_FAMILY = "1,2";
				TEST_HOST = "$(BUILT_PRODUCTS_DIR)/DemoAppXcodeGen.app/DemoAppXcodeGen";
			};
			name = Debug;
		};
		F574AB9E26AD297C006E18C0 /* Release */ = {
			isa = XCBuildConfiguration;
			buildSettings = {
				ALWAYS_EMBED_SWIFT_STANDARD_LIBRARIES = YES;
				BUNDLE_LOADER = "$(TEST_HOST)";
				CODE_SIGN_STYLE = Automatic;
				DEVELOPMENT_TEAM = EAZT2D654U;
				INFOPLIST_FILE = DemoAppXcodeGenTests/Info.plist;
				IPHONEOS_DEPLOYMENT_TARGET = 14.0;
				LD_RUNPATH_SEARCH_PATHS = (
					"$(inherited)",
					"@executable_path/Frameworks",
					"@loader_path/Frameworks",
				);
				PRODUCT_BUNDLE_IDENTIFIER = yyokii.DemoAppXcodeGenTests;
				PRODUCT_NAME = "$(TARGET_NAME)";
				SWIFT_VERSION = 5.0;
				TARGETED_DEVICE_FAMILY = "1,2";
				TEST_HOST = "$(BUILT_PRODUCTS_DIR)/DemoAppXcodeGen.app/DemoAppXcodeGen";
			};
			name = Release;
		};
		F574ABA026AD297C006E18C0 /* Debug */ = {
			isa = XCBuildConfiguration;
			buildSettings = {
				ALWAYS_EMBED_SWIFT_STANDARD_LIBRARIES = YES;
				CODE_SIGN_STYLE = Automatic;
				DEVELOPMENT_TEAM = EAZT2D654U;
				INFOPLIST_FILE = DemoAppXcodeGenUITests/Info.plist;
				LD_RUNPATH_SEARCH_PATHS = (
					"$(inherited)",
					"@executable_path/Frameworks",
					"@loader_path/Frameworks",
				);
				PRODUCT_BUNDLE_IDENTIFIER = yyokii.DemoAppXcodeGenUITests;
				PRODUCT_NAME = "$(TARGET_NAME)";
				SWIFT_VERSION = 5.0;
				TARGETED_DEVICE_FAMILY = "1,2";
				TEST_TARGET_NAME = DemoAppXcodeGen;
			};
			name = Debug;
		};
		F574ABA126AD297C006E18C0 /* Release */ = {
			isa = XCBuildConfiguration;
			buildSettings = {
				ALWAYS_EMBED_SWIFT_STANDARD_LIBRARIES = YES;
				CODE_SIGN_STYLE = Automatic;
				DEVELOPMENT_TEAM = EAZT2D654U;
				INFOPLIST_FILE = DemoAppXcodeGenUITests/Info.plist;
				LD_RUNPATH_SEARCH_PATHS = (
					"$(inherited)",
					"@executable_path/Frameworks",
					"@loader_path/Frameworks",
				);
				PRODUCT_BUNDLE_IDENTIFIER = yyokii.DemoAppXcodeGenUITests;
				PRODUCT_NAME = "$(TARGET_NAME)";
				SWIFT_VERSION = 5.0;
				TARGETED_DEVICE_FAMILY = "1,2";
				TEST_TARGET_NAME = DemoAppXcodeGen;
			};
			name = Release;
		};
/* End XCBuildConfiguration section */

/* Begin XCConfigurationList section */
		F574AB6F26AD297B006E18C0 /* Build configuration list for PBXProject "DemoAppXcodeGen" */ = {
			isa = XCConfigurationList;
			buildConfigurations = (
				F574AB9726AD297C006E18C0 /* Debug */,
				F574AB9826AD297C006E18C0 /* Release */,
			);
			defaultConfigurationIsVisible = 0;
			defaultConfigurationName = Release;
		};
		F574AB9926AD297C006E18C0 /* Build configuration list for PBXNativeTarget "DemoAppXcodeGen" */ = {
			isa = XCConfigurationList;
			buildConfigurations = (
				F574AB9A26AD297C006E18C0 /* Debug */,
				F574AB9B26AD297C006E18C0 /* Release */,
			);
			defaultConfigurationIsVisible = 0;
			defaultConfigurationName = Release;
		};
		F574AB9C26AD297C006E18C0 /* Build configuration list for PBXNativeTarget "DemoAppXcodeGenTests" */ = {
			isa = XCConfigurationList;
			buildConfigurations = (
				F574AB9D26AD297C006E18C0 /* Debug */,
				F574AB9E26AD297C006E18C0 /* Release */,
			);
			defaultConfigurationIsVisible = 0;
			defaultConfigurationName = Release;
		};
		F574AB9F26AD297C006E18C0 /* Build configuration list for PBXNativeTarget "DemoAppXcodeGenUITests" */ = {
			isa = XCConfigurationList;
			buildConfigurations = (
				F574ABA026AD297C006E18C0 /* Debug */,
				F574ABA126AD297C006E18C0 /* Release */,
			);
			defaultConfigurationIsVisible = 0;
			defaultConfigurationName = Release;
		};
/* End XCConfigurationList section */
	};
	rootObject = F574AB6C26AD297B006E18C0 /* Project object */;
}
